
Microsoft Visual Studio Solution File, Format Version 12.00
# Visual Studio Version 17
VisualStudioVersion = 17.0.31903.59
MinimumVisualStudioVersion = 10.0.40219.1
Project("{2150E333-8FDC-42A3-9474-1A3956D46DE8}") = "src", "src", "{9183C716-40EB-4662-9573-AF0CAC03FF3B}"
EndProject
Project("{9A19103F-16F7-4668-BE54-9A1E7A4F7556}") = "Wheels.Domain", "src\Wheels.Domain\Wheels.Domain.csproj", "{AB9DEFF5-DA52-43BE-8474-DF2F66B797D9}"
EndProject
Project("{FAE04EC0-301F-11D3-BF4B-00C04F79EFBC}") = "SharedKernel", "src\SharedKernel\SharedKernel.csproj", "{954978DF-69A0-4038-9F82-4B95C6BD0C29}"
EndProject
Project("{2150E333-8FDC-42A3-9474-1A3956D46DE8}") = "tests", "tests", "{7F431A97-D8D7-4BA6-948F-8D1ABDC9D7FD}"
EndProject
Project("{FAE04EC0-301F-11D3-BF4B-00C04F79EFBC}") = "Domain.UnitTests", "tests\Domain.UnitTests\Domain.UnitTests.csproj", "{D8079D7D-97A5-4ADE-9834-CF7C95C1E8AD}"
EndProject
Global
	GlobalSection(SolutionConfigurationPlatforms) = preSolution
		Debug|Any CPU = Debug|Any CPU
		Release|Any CPU = Release|Any CPU
	EndGlobalSection
	GlobalSection(ProjectConfigurationPlatforms) = postSolution
		{AB9DEFF5-DA52-43BE-8474-DF2F66B797D9}.Debug|Any CPU.ActiveCfg = Debug|Any CPU
		{AB9DEFF5-DA52-43BE-8474-DF2F66B797D9}.Debug|Any CPU.Build.0 = Debug|Any CPU
		{AB9DEFF5-DA52-43BE-8474-DF2F66B797D9}.Release|Any CPU.ActiveCfg = Release|Any CPU
		{AB9DEFF5-DA52-43BE-8474-DF2F66B797D9}.Release|Any CPU.Build.0 = Release|Any CPU
		{954978DF-69A0-4038-9F82-4B95C6BD0C29}.Debug|Any CPU.ActiveCfg = Debug|Any CPU
		{954978DF-69A0-4038-9F82-4B95C6BD0C29}.Debug|Any CPU.Build.0 = Debug|Any CPU
		{954978DF-69A0-4038-9F82-4B95C6BD0C29}.Release|Any CPU.ActiveCfg = Release|Any CPU
		{954978DF-69A0-4038-9F82-4B95C6BD0C29}.Release|Any CPU.Build.0 = Release|Any CPU
		{D8079D7D-97A5-4ADE-9834-CF7C95C1E8AD}.Debug|Any CPU.ActiveCfg = Debug|Any CPU
		{D8079D7D-97A5-4ADE-9834-CF7C95C1E8AD}.Debug|Any CPU.Build.0 = Debug|Any CPU
		{D8079D7D-97A5-4ADE-9834-CF7C95C1E8AD}.Release|Any CPU.ActiveCfg = Release|Any CPU
		{D8079D7D-97A5-4ADE-9834-CF7C95C1E8AD}.Release|Any CPU.Build.0 = Release|Any CPU
	EndGlobalSection
	GlobalSection(SolutionProperties) = preSolution
		HideSolutionNode = FALSE
	EndGlobalSection
	GlobalSection(NestedProjects) = preSolution
		{AB9DEFF5-DA52-43BE-8474-DF2F66B797D9} = {9183C716-40EB-4662-9573-AF0CAC03FF3B}
		{954978DF-69A0-4038-9F82-4B95C6BD0C29} = {9183C716-40EB-4662-9573-AF0CAC03FF3B}
		{D8079D7D-97A5-4ADE-9834-CF7C95C1E8AD} = {7F431A97-D8D7-4BA6-948F-8D1ABDC9D7FD}
	EndGlobalSection
	GlobalSection(ExtensibilityGlobals) = postSolution
		SolutionGuid = {9FDD2342-DEE1-4FE7-A753-F8E2112814A5}
	EndGlobalSection
EndGlobal
